// !$*UTF8*$!
{
	archiveVersion = 1;
	classes = {
	};
	objectVersion = 46;
	objects = {

/* Begin PBXBuildFile section */
		5C8A072EBD224616B5C1405A /* libPods.a in Frameworks */ = {isa = PBXBuildFile; fileRef = F30C075A7B8649A5ADB12E07 /* libPods.a */; };
		6619A6411991E55500441B63 /* Wallet.swift in Sources */ = {isa = PBXBuildFile; fileRef = 6619A6401991E55500441B63 /* Wallet.swift */; };
		6619A64319995D6B00441B63 /* Trustline.swift in Sources */ = {isa = PBXBuildFile; fileRef = 6619A64219995D6B00441B63 /* Trustline.swift */; };
		6687F3281999830E00B2FCE0 /* SwiftyJSON.swift in Sources */ = {isa = PBXBuildFile; fileRef = 6687F3271999830E00B2FCE0 /* SwiftyJSON.swift */; };
		66C32BA1198E71FF006D4AE5 /* AppDelegate.swift in Sources */ = {isa = PBXBuildFile; fileRef = 66C32BA0198E71FF006D4AE5 /* AppDelegate.swift */; };
		66C32BA3198E71FF006D4AE5 /* MasterViewController.swift in Sources */ = {isa = PBXBuildFile; fileRef = 66C32BA2198E71FF006D4AE5 /* MasterViewController.swift */; };
		66C32BA5198E71FF006D4AE5 /* DetailViewController.swift in Sources */ = {isa = PBXBuildFile; fileRef = 66C32BA4198E71FF006D4AE5 /* DetailViewController.swift */; };
		66C32BA8198E7200006D4AE5 /* Main.storyboard in Resources */ = {isa = PBXBuildFile; fileRef = 66C32BA6198E7200006D4AE5 /* Main.storyboard */; };
		66C32BAA198E7200006D4AE5 /* Images.xcassets in Resources */ = {isa = PBXBuildFile; fileRef = 66C32BA9198E7200006D4AE5 /* Images.xcassets */; };
		66C32BB6198E7200006D4AE5 /* stellar_iosTests.swift in Sources */ = {isa = PBXBuildFile; fileRef = 66C32BB5198E7200006D4AE5 /* stellar_iosTests.swift */; };
		66EE7B06199179C1000A1625 /* Alamofire.swift in Sources */ = {isa = PBXBuildFile; fileRef = 66EE7B05199179C1000A1625 /* Alamofire.swift */; };
/* End PBXBuildFile section */

/* Begin PBXContainerItemProxy section */
		66C32BB0198E7200006D4AE5 /* PBXContainerItemProxy */ = {
			isa = PBXContainerItemProxy;
			containerPortal = 66C32B93198E71FF006D4AE5 /* Project object */;
			proxyType = 1;
			remoteGlobalIDString = 66C32B9A198E71FF006D4AE5;
			remoteInfo = "stellar-ios";
		};
/* End PBXContainerItemProxy section */

/* Begin PBXFileReference section */
		6619A6401991E55500441B63 /* Wallet.swift */ = {isa = PBXFileReference; fileEncoding = 4; lastKnownFileType = sourcecode.swift; path = Wallet.swift; sourceTree = "<group>"; };
		6619A64219995D6B00441B63 /* Trustline.swift */ = {isa = PBXFileReference; fileEncoding = 4; lastKnownFileType = sourcecode.swift; path = Trustline.swift; sourceTree = "<group>"; };
		6653514E198E7CBD00AC452E /* stellar-ios-Bridging-Header.h */ = {isa = PBXFileReference; lastKnownFileType = sourcecode.c.h; path = "stellar-ios-Bridging-Header.h"; sourceTree = "<group>"; };
		6687F3271999830E00B2FCE0 /* SwiftyJSON.swift */ = {isa = PBXFileReference; fileEncoding = 4; lastKnownFileType = sourcecode.swift; path = SwiftyJSON.swift; sourceTree = "<group>"; };
		66C32B9B198E71FF006D4AE5 /* stellar-ios.app */ = {isa = PBXFileReference; explicitFileType = wrapper.application; includeInIndex = 0; path = "stellar-ios.app"; sourceTree = BUILT_PRODUCTS_DIR; };
		66C32B9F198E71FF006D4AE5 /* Info.plist */ = {isa = PBXFileReference; lastKnownFileType = text.plist.xml; path = Info.plist; sourceTree = "<group>"; };
		66C32BA0198E71FF006D4AE5 /* AppDelegate.swift */ = {isa = PBXFileReference; lastKnownFileType = sourcecode.swift; path = AppDelegate.swift; sourceTree = "<group>"; };
		66C32BA2198E71FF006D4AE5 /* MasterViewController.swift */ = {isa = PBXFileReference; lastKnownFileType = sourcecode.swift; path = MasterViewController.swift; sourceTree = "<group>"; };
		66C32BA4198E71FF006D4AE5 /* DetailViewController.swift */ = {isa = PBXFileReference; lastKnownFileType = sourcecode.swift; path = DetailViewController.swift; sourceTree = "<group>"; };
		66C32BA7198E7200006D4AE5 /* Base */ = {isa = PBXFileReference; lastKnownFileType = file.storyboard; name = Base; path = Base.lproj/Main.storyboard; sourceTree = "<group>"; };
		66C32BA9198E7200006D4AE5 /* Images.xcassets */ = {isa = PBXFileReference; lastKnownFileType = folder.assetcatalog; path = Images.xcassets; sourceTree = "<group>"; };
		66C32BAF198E7200006D4AE5 /* stellar-iosTests.xctest */ = {isa = PBXFileReference; explicitFileType = wrapper.cfbundle; includeInIndex = 0; path = "stellar-iosTests.xctest"; sourceTree = BUILT_PRODUCTS_DIR; };
		66C32BB4198E7200006D4AE5 /* Info.plist */ = {isa = PBXFileReference; lastKnownFileType = text.plist.xml; path = Info.plist; sourceTree = "<group>"; };
		66C32BB5198E7200006D4AE5 /* stellar_iosTests.swift */ = {isa = PBXFileReference; lastKnownFileType = sourcecode.swift; path = stellar_iosTests.swift; sourceTree = "<group>"; };
		66EE7B05199179C1000A1625 /* Alamofire.swift */ = {isa = PBXFileReference; fileEncoding = 4; lastKnownFileType = sourcecode.swift; name = Alamofire.swift; path = alamofire/Source/Alamofire.swift; sourceTree = SOURCE_ROOT; };
		B1840C34317D4EFA9AA3634B /* Pods.xcconfig */ = {isa = PBXFileReference; includeInIndex = 1; lastKnownFileType = text.xcconfig; name = Pods.xcconfig; path = Pods/Pods.xcconfig; sourceTree = "<group>"; };
		F30C075A7B8649A5ADB12E07 /* libPods.a */ = {isa = PBXFileReference; explicitFileType = archive.ar; includeInIndex = 0; path = libPods.a; sourceTree = BUILT_PRODUCTS_DIR; };
/* End PBXFileReference section */

/* Begin PBXFrameworksBuildPhase section */
		66C32B98198E71FF006D4AE5 /* Frameworks */ = {
			isa = PBXFrameworksBuildPhase;
			buildActionMask = 2147483647;
			files = (
				5C8A072EBD224616B5C1405A /* libPods.a in Frameworks */,
			);
			runOnlyForDeploymentPostprocessing = 0;
		};
		66C32BAC198E7200006D4AE5 /* Frameworks */ = {
			isa = PBXFrameworksBuildPhase;
			buildActionMask = 2147483647;
			files = (
			);
			runOnlyForDeploymentPostprocessing = 0;
		};
/* End PBXFrameworksBuildPhase section */

/* Begin PBXGroup section */
		3212A7A24A524913B3C01094 /* Frameworks */ = {
			isa = PBXGroup;
			children = (
				F30C075A7B8649A5ADB12E07 /* libPods.a */,
			);
			name = Frameworks;
			sourceTree = "<group>";
		};
		66C32B92198E71FF006D4AE5 = {
			isa = PBXGroup;
			children = (
				66C32B9D198E71FF006D4AE5 /* stellar-ios */,
				66C32BB2198E7200006D4AE5 /* stellar-iosTests */,
				66C32B9C198E71FF006D4AE5 /* Products */,
				B1840C34317D4EFA9AA3634B /* Pods.xcconfig */,
				3212A7A24A524913B3C01094 /* Frameworks */,
			);
			sourceTree = "<group>";
		};
		66C32B9C198E71FF006D4AE5 /* Products */ = {
			isa = PBXGroup;
			children = (
				66C32B9B198E71FF006D4AE5 /* stellar-ios.app */,
				66C32BAF198E7200006D4AE5 /* stellar-iosTests.xctest */,
			);
			name = Products;
			sourceTree = "<group>";
		};
		66C32B9D198E71FF006D4AE5 /* stellar-ios */ = {
			isa = PBXGroup;
			children = (
				66C32BA0198E71FF006D4AE5 /* AppDelegate.swift */,
				66C32BA2198E71FF006D4AE5 /* MasterViewController.swift */,
				6619A6401991E55500441B63 /* Wallet.swift */,
				6619A64219995D6B00441B63 /* Trustline.swift */,
				66EE7B05199179C1000A1625 /* Alamofire.swift */,
				6687F3271999830E00B2FCE0 /* SwiftyJSON.swift */,
				66C32BA4198E71FF006D4AE5 /* DetailViewController.swift */,
				66C32BA6198E7200006D4AE5 /* Main.storyboard */,
				66C32BA9198E7200006D4AE5 /* Images.xcassets */,
				66C32B9E198E71FF006D4AE5 /* Supporting Files */,
				6653514E198E7CBD00AC452E /* stellar-ios-Bridging-Header.h */,
			);
			path = "stellar-ios";
			sourceTree = "<group>";
		};
		66C32B9E198E71FF006D4AE5 /* Supporting Files */ = {
			isa = PBXGroup;
			children = (
				66C32B9F198E71FF006D4AE5 /* Info.plist */,
			);
			name = "Supporting Files";
			sourceTree = "<group>";
		};
		66C32BB2198E7200006D4AE5 /* stellar-iosTests */ = {
			isa = PBXGroup;
			children = (
				66C32BB5198E7200006D4AE5 /* stellar_iosTests.swift */,
				66C32BB3198E7200006D4AE5 /* Supporting Files */,
			);
			path = "stellar-iosTests";
			sourceTree = "<group>";
		};
		66C32BB3198E7200006D4AE5 /* Supporting Files */ = {
			isa = PBXGroup;
			children = (
				66C32BB4198E7200006D4AE5 /* Info.plist */,
			);
			name = "Supporting Files";
			sourceTree = "<group>";
		};
/* End PBXGroup section */

/* Begin PBXNativeTarget section */
		66C32B9A198E71FF006D4AE5 /* stellar-ios */ = {
			isa = PBXNativeTarget;
			buildConfigurationList = 66C32BB9198E7200006D4AE5 /* Build configuration list for PBXNativeTarget "stellar-ios" */;
			buildPhases = (
				E220CDE4AA2F43BFA042EC00 /* Check Pods Manifest.lock */,
				66C32B97198E71FF006D4AE5 /* Sources */,
				66C32B98198E71FF006D4AE5 /* Frameworks */,
				66C32B99198E71FF006D4AE5 /* Resources */,
				40E2E805B79546079C3A801B /* Copy Pods Resources */,
			);
			buildRules = (
			);
			dependencies = (
			);
			name = "stellar-ios";
			productName = "stellar-ios";
			productReference = 66C32B9B198E71FF006D4AE5 /* stellar-ios.app */;
			productType = "com.apple.product-type.application";
		};
		66C32BAE198E7200006D4AE5 /* stellar-iosTests */ = {
			isa = PBXNativeTarget;
			buildConfigurationList = 66C32BBC198E7200006D4AE5 /* Build configuration list for PBXNativeTarget "stellar-iosTests" */;
			buildPhases = (
				66C32BAB198E7200006D4AE5 /* Sources */,
				66C32BAC198E7200006D4AE5 /* Frameworks */,
				66C32BAD198E7200006D4AE5 /* Resources */,
			);
			buildRules = (
			);
			dependencies = (
				66C32BB1198E7200006D4AE5 /* PBXTargetDependency */,
			);
			name = "stellar-iosTests";
			productName = "stellar-iosTests";
			productReference = 66C32BAF198E7200006D4AE5 /* stellar-iosTests.xctest */;
			productType = "com.apple.product-type.bundle.unit-test";
		};
/* End PBXNativeTarget section */

/* Begin PBXProject section */
		66C32B93198E71FF006D4AE5 /* Project object */ = {
			isa = PBXProject;
			attributes = {
				LastUpgradeCheck = 0600;
				ORGANIZATIONNAME = vjkaruna;
				TargetAttributes = {
					66C32B9A198E71FF006D4AE5 = {
						CreatedOnToolsVersion = 6.0;
					};
					66C32BAE198E7200006D4AE5 = {
						CreatedOnToolsVersion = 6.0;
						TestTargetID = 66C32B9A198E71FF006D4AE5;
					};
				};
			};
			buildConfigurationList = 66C32B96198E71FF006D4AE5 /* Build configuration list for PBXProject "stellar-ios" */;
			compatibilityVersion = "Xcode 3.2";
			developmentRegion = English;
			hasScannedForEncodings = 0;
			knownRegions = (
				en,
				Base,
			);
			mainGroup = 66C32B92198E71FF006D4AE5;
			productRefGroup = 66C32B9C198E71FF006D4AE5 /* Products */;
			projectDirPath = "";
			projectRoot = "";
			targets = (
				66C32B9A198E71FF006D4AE5 /* stellar-ios */,
				66C32BAE198E7200006D4AE5 /* stellar-iosTests */,
			);
		};
/* End PBXProject section */

/* Begin PBXResourcesBuildPhase section */
		66C32B99198E71FF006D4AE5 /* Resources */ = {
			isa = PBXResourcesBuildPhase;
			buildActionMask = 2147483647;
			files = (
				66C32BA8198E7200006D4AE5 /* Main.storyboard in Resources */,
				66C32BAA198E7200006D4AE5 /* Images.xcassets in Resources */,
			);
			runOnlyForDeploymentPostprocessing = 0;
		};
		66C32BAD198E7200006D4AE5 /* Resources */ = {
			isa = PBXResourcesBuildPhase;
			buildActionMask = 2147483647;
			files = (
			);
			runOnlyForDeploymentPostprocessing = 0;
		};
/* End PBXResourcesBuildPhase section */

/* Begin PBXShellScriptBuildPhase section */
		40E2E805B79546079C3A801B /* Copy Pods Resources */ = {
			isa = PBXShellScriptBuildPhase;
			buildActionMask = 2147483647;
			files = (
			);
			inputPaths = (
			);
			name = "Copy Pods Resources";
			outputPaths = (
			);
			runOnlyForDeploymentPostprocessing = 0;
			shellPath = /bin/sh;
			shellScript = "\"${SRCROOT}/Pods/Pods-resources.sh\"\n";
			showEnvVarsInLog = 0;
		};
		E220CDE4AA2F43BFA042EC00 /* Check Pods Manifest.lock */ = {
			isa = PBXShellScriptBuildPhase;
			buildActionMask = 2147483647;
			files = (
			);
			inputPaths = (
			);
			name = "Check Pods Manifest.lock";
			outputPaths = (
			);
			runOnlyForDeploymentPostprocessing = 0;
			shellPath = /bin/sh;
			shellScript = "diff \"${PODS_ROOT}/../Podfile.lock\" \"${PODS_ROOT}/Manifest.lock\" > /dev/null\nif [[ $? != 0 ]] ; then\n    cat << EOM\nerror: The sandbox is not in sync with the Podfile.lock. Run 'pod install' or update your CocoaPods installation.\nEOM\n    exit 1\nfi\n";
			showEnvVarsInLog = 0;
		};
/* End PBXShellScriptBuildPhase section */

/* Begin PBXSourcesBuildPhase section */
		66C32B97198E71FF006D4AE5 /* Sources */ = {
			isa = PBXSourcesBuildPhase;
			buildActionMask = 2147483647;
			files = (
				6619A6411991E55500441B63 /* Wallet.swift in Sources */,
				66C32BA5198E71FF006D4AE5 /* DetailViewController.swift in Sources */,
				6619A64319995D6B00441B63 /* Trustline.swift in Sources */,
				66C32BA3198E71FF006D4AE5 /* MasterViewController.swift in Sources */,
				66EE7B06199179C1000A1625 /* Alamofire.swift in Sources */,
				6687F3281999830E00B2FCE0 /* SwiftyJSON.swift in Sources */,
				66C32BA1198E71FF006D4AE5 /* AppDelegate.swift in Sources */,
			);
			runOnlyForDeploymentPostprocessing = 0;
		};
		66C32BAB198E7200006D4AE5 /* Sources */ = {
			isa = PBXSourcesBuildPhase;
			buildActionMask = 2147483647;
			files = (
				66C32BB6198E7200006D4AE5 /* stellar_iosTests.swift in Sources */,
			);
			runOnlyForDeploymentPostprocessing = 0;
		};
/* End PBXSourcesBuildPhase section */

/* Begin PBXTargetDependency section */
		66C32BB1198E7200006D4AE5 /* PBXTargetDependency */ = {
			isa = PBXTargetDependency;
			target = 66C32B9A198E71FF006D4AE5 /* stellar-ios */;
			targetProxy = 66C32BB0198E7200006D4AE5 /* PBXContainerItemProxy */;
		};
/* End PBXTargetDependency section */

/* Begin PBXVariantGroup section */
		66C32BA6198E7200006D4AE5 /* Main.storyboard */ = {
			isa = PBXVariantGroup;
			children = (
				66C32BA7198E7200006D4AE5 /* Base */,
			);
			name = Main.storyboard;
			sourceTree = "<group>";
		};
/* End PBXVariantGroup section */

/* Begin XCBuildConfiguration section */
		66C32BB7198E7200006D4AE5 /* Debug */ = {
			isa = XCBuildConfiguration;
			buildSettings = {
				ALWAYS_SEARCH_USER_PATHS = NO;
				CLANG_CXX_LANGUAGE_STANDARD = "gnu++0x";
				CLANG_CXX_LIBRARY = "libc++";
				CLANG_ENABLE_MODULES = YES;
				CLANG_ENABLE_OBJC_ARC = YES;
				CLANG_WARN_BOOL_CONVERSION = YES;
				CLANG_WARN_CONSTANT_CONVERSION = YES;
				CLANG_WARN_DIRECT_OBJC_ISA_USAGE = YES_ERROR;
				CLANG_WARN_EMPTY_BODY = YES;
				CLANG_WARN_ENUM_CONVERSION = YES;
				CLANG_WARN_INT_CONVERSION = YES;
				CLANG_WARN_OBJC_ROOT_CLASS = YES_ERROR;
				CLANG_WARN_UNREACHABLE_CODE = YES;
				CLANG_WARN__DUPLICATE_METHOD_MATCH = YES;
				"CODE_SIGN_IDENTITY[sdk=iphoneos*]" = "iPhone Developer";
				COPY_PHASE_STRIP = NO;
				ENABLE_STRICT_OBJC_MSGSEND = YES;
				GCC_C_LANGUAGE_STANDARD = gnu99;
				GCC_DYNAMIC_NO_PIC = NO;
				GCC_OPTIMIZATION_LEVEL = 0;
				GCC_PREPROCESSOR_DEFINITIONS = (
					"DEBUG=1",
					"$(inherited)",
				);
				GCC_SYMBOLS_PRIVATE_EXTERN = NO;
				GCC_WARN_64_TO_32_BIT_CONVERSION = YES;
				GCC_WARN_ABOUT_RETURN_TYPE = YES_ERROR;
				GCC_WARN_UNDECLARED_SELECTOR = YES;
				GCC_WARN_UNINITIALIZED_AUTOS = YES_AGGRESSIVE;
				GCC_WARN_UNUSED_FUNCTION = YES;
				GCC_WARN_UNUSED_VARIABLE = YES;
				IPHONEOS_DEPLOYMENT_TARGET = 8.0;
				METAL_ENABLE_DEBUG_INFO = YES;
				ONLY_ACTIVE_ARCH = YES;
				SDKROOT = iphoneos;
				SWIFT_OPTIMIZATION_LEVEL = "-Onone";
				TARGETED_DEVICE_FAMILY = "1,2";
			};
			name = Debug;
		};
		66C32BB8198E7200006D4AE5 /* Release */ = {
			isa = XCBuildConfiguration;
			buildSettings = {
				ALWAYS_SEARCH_USER_PATHS = NO;
				CLANG_CXX_LANGUAGE_STANDARD = "gnu++0x";
				CLANG_CXX_LIBRARY = "libc++";
				CLANG_ENABLE_MODULES = YES;
				CLANG_ENABLE_OBJC_ARC = YES;
				CLANG_WARN_BOOL_CONVERSION = YES;
				CLANG_WARN_CONSTANT_CONVERSION = YES;
				CLANG_WARN_DIRECT_OBJC_ISA_USAGE = YES_ERROR;
				CLANG_WARN_EMPTY_BODY = YES;
				CLANG_WARN_ENUM_CONVERSION = YES;
				CLANG_WARN_INT_CONVERSION = YES;
				CLANG_WARN_OBJC_ROOT_CLASS = YES_ERROR;
				CLANG_WARN_UNREACHABLE_CODE = YES;
				CLANG_WARN__DUPLICATE_METHOD_MATCH = YES;
				"CODE_SIGN_IDENTITY[sdk=iphoneos*]" = "iPhone Developer";
				COPY_PHASE_STRIP = YES;
				ENABLE_NS_ASSERTIONS = NO;
				ENABLE_STRICT_OBJC_MSGSEND = YES;
				GCC_C_LANGUAGE_STANDARD = gnu99;
				GCC_WARN_64_TO_32_BIT_CONVERSION = YES;
				GCC_WARN_ABOUT_RETURN_TYPE = YES_ERROR;
				GCC_WARN_UNDECLARED_SELECTOR = YES;
				GCC_WARN_UNINITIALIZED_AUTOS = YES_AGGRESSIVE;
				GCC_WARN_UNUSED_FUNCTION = YES;
				GCC_WARN_UNUSED_VARIABLE = YES;
				IPHONEOS_DEPLOYMENT_TARGET = 8.0;
				METAL_ENABLE_DEBUG_INFO = NO;
				SDKROOT = iphoneos;
				TARGETED_DEVICE_FAMILY = "1,2";
				VALIDATE_PRODUCT = YES;
			};
			name = Release;
		};
		66C32BBA198E7200006D4AE5 /* Debug */ = {
			isa = XCBuildConfiguration;
			baseConfigurationReference = B1840C34317D4EFA9AA3634B /* Pods.xcconfig */;
			buildSettings = {
				ASSETCATALOG_COMPILER_APPICON_NAME = AppIcon;
				ASSETCATALOG_COMPILER_LAUNCHIMAGE_NAME = LaunchImage;
				CLANG_ENABLE_MODULES = YES;
				INFOPLIST_FILE = "stellar-ios/Info.plist";
				LD_RUNPATH_SEARCH_PATHS = "$(inherited) @executable_path/Frameworks";
				PRODUCT_NAME = "$(TARGET_NAME)";
				SWIFT_OBJC_BRIDGING_HEADER = "stellar-ios/stellar-ios-Bridging-Header.h";
				SWIFT_OPTIMIZATION_LEVEL = "-Onone";
			};
			name = Debug;
		};
		66C32BBB198E7200006D4AE5 /* Release */ = {
			isa = XCBuildConfiguration;
			baseConfigurationReference = B1840C34317D4EFA9AA3634B /* Pods.xcconfig */;
			buildSettings = {
				ASSETCATALOG_COMPILER_APPICON_NAME = AppIcon;
				ASSETCATALOG_COMPILER_LAUNCHIMAGE_NAME = LaunchImage;
				CLANG_ENABLE_MODULES = YES;
				INFOPLIST_FILE = "stellar-ios/Info.plist";
				LD_RUNPATH_SEARCH_PATHS = "$(inherited) @executable_path/Frameworks";
				PRODUCT_NAME = "$(TARGET_NAME)";
				SWIFT_OBJC_BRIDGING_HEADER = "stellar-ios/stellar-ios-Bridging-Header.h";
			};
			name = Release;
		};
		66C32BBD198E7200006D4AE5 /* Debug */ = {
			isa = XCBuildConfiguration;
			buildSettings = {
				BUNDLE_LOADER = "$(BUILT_PRODUCTS_DIR)/stellar-ios.app/stellar-ios";
				FRAMEWORK_SEARCH_PATHS = (
					"$(SDKROOT)/Developer/Library/Frameworks",
					"$(inherited)",
				);
				GCC_PREPROCESSOR_DEFINITIONS = (
					"DEBUG=1",
					"$(inherited)",
				);
				INFOPLIST_FILE = "stellar-iosTests/Info.plist";
				LD_RUNPATH_SEARCH_PATHS = "$(inherited) @executable_path/Frameworks @loader_path/Frameworks";
				METAL_ENABLE_DEBUG_INFO = YES;
				PRODUCT_NAME = "$(TARGET_NAME)";
				TEST_HOST = "$(BUNDLE_LOADER)";
			};
			name = Debug;
		};
		66C32BBE198E7200006D4AE5 /* Release */ = {
			isa = XCBuildConfiguration;
			buildSettings = {
				BUNDLE_LOADER = "$(BUILT_PRODUCTS_DIR)/stellar-ios.app/stellar-ios";
				FRAMEWORK_SEARCH_PATHS = (
					"$(SDKROOT)/Developer/Library/Frameworks",
					"$(inherited)",
				);
				INFOPLIST_FILE = "stellar-iosTests/Info.plist";
				LD_RUNPATH_SEARCH_PATHS = "$(inherited) @executable_path/Frameworks @loader_path/Frameworks";
				METAL_ENABLE_DEBUG_INFO = NO;
				PRODUCT_NAME = "$(TARGET_NAME)";
				TEST_HOST = "$(BUNDLE_LOADER)";
			};
			name = Release;
		};
/* End XCBuildConfiguration section */

/* Begin XCConfigurationList section */
		66C32B96198E71FF006D4AE5 /* Build configuration list for PBXProject "stellar-ios" */ = {
			isa = XCConfigurationList;
			buildConfigurations = (
				66C32BB7198E7200006D4AE5 /* Debug */,
				66C32BB8198E7200006D4AE5 /* Release */,
			);
			defaultConfigurationIsVisible = 0;
			defaultConfigurationName = Release;
		};
		66C32BB9198E7200006D4AE5 /* Build configuration list for PBXNativeTarget "stellar-ios" */ = {
			isa = XCConfigurationList;
			buildConfigurations = (
				66C32BBA198E7200006D4AE5 /* Debug */,
				66C32BBB198E7200006D4AE5 /* Release */,
			);
			defaultConfigurationIsVisible = 0;
			defaultConfigurationName = Release;
		};
		66C32BBC198E7200006D4AE5 /* Build configuration list for PBXNativeTarget "stellar-iosTests" */ = {
			isa = XCConfigurationList;
			buildConfigurations = (
				66C32BBD198E7200006D4AE5 /* Debug */,
				66C32BBE198E7200006D4AE5 /* Release */,
			);
			defaultConfigurationIsVisible = 0;
			defaultConfigurationName = Release;
		};
/* End XCConfigurationList section */
	};
	rootObject = 66C32B93198E71FF006D4AE5 /* Project object */;
}
